
Microsoft Visual Studio Solution File, Format Version 12.00
# Visual Studio 15
VisualStudioVersion = 15.0.28307.271
MinimumVisualStudioVersion = 10.0.40219.1
Project("{FAE04EC0-301F-11D3-BF4B-00C04F79EFBC}") = "task4", "task4\task4.csproj", "{28F20498-8B6C-4406-82A7-0C8822710E00}"
EndProject
Global
	GlobalSection(SolutionConfigurationPlatforms) = preSolution
		Debug|Any CPU = Debug|Any CPU
		Release|Any CPU = Release|Any CPU
	EndGlobalSection
	GlobalSection(ProjectConfigurationPlatforms) = postSolution
		{28F20498-8B6C-4406-82A7-0C8822710E00}.Debug|Any CPU.ActiveCfg = Debug|Any CPU
		{28F20498-8B6C-4406-82A7-0C8822710E00}.Debug|Any CPU.Build.0 = Debug|Any CPU
		{28F20498-8B6C-4406-82A7-0C8822710E00}.Release|Any CPU.ActiveCfg = Release|Any CPU
		{28F20498-8B6C-4406-82A7-0C8822710E00}.Release|Any CPU.Build.0 = Release|Any CPU
	EndGlobalSection
	GlobalSection(SolutionProperties) = preSolution
		HideSolutionNode = FALSE
	EndGlobalSection
	GlobalSection(ExtensibilityGlobals) = postSolution
		SolutionGuid = {F6A6F31A-BB18-4DC6-B998-8C5DED74FB81}
	EndGlobalSection
EndGlobal
