
Microsoft Visual Studio Solution File, Format Version 12.00
# Visual Studio 15
VisualStudioVersion = 15.0.28307.271
MinimumVisualStudioVersion = 10.0.40219.1
Project("{FAE04EC0-301F-11D3-BF4B-00C04F79EFBC}") = "task1", "task1\task1.csproj", "{8D22E0B9-B822-48B9-B6F1-7C4063755EE4}"
EndProject
Global
	GlobalSection(SolutionConfigurationPlatforms) = preSolution
		Debug|Any CPU = Debug|Any CPU
		Release|Any CPU = Release|Any CPU
	EndGlobalSection
	GlobalSection(ProjectConfigurationPlatforms) = postSolution
		{8D22E0B9-B822-48B9-B6F1-7C4063755EE4}.Debug|Any CPU.ActiveCfg = Debug|Any CPU
		{8D22E0B9-B822-48B9-B6F1-7C4063755EE4}.Debug|Any CPU.Build.0 = Debug|Any CPU
		{8D22E0B9-B822-48B9-B6F1-7C4063755EE4}.Release|Any CPU.ActiveCfg = Release|Any CPU
		{8D22E0B9-B822-48B9-B6F1-7C4063755EE4}.Release|Any CPU.Build.0 = Release|Any CPU
	EndGlobalSection
	GlobalSection(SolutionProperties) = preSolution
		HideSolutionNode = FALSE
	EndGlobalSection
	GlobalSection(ExtensibilityGlobals) = postSolution
		SolutionGuid = {E1D3E674-008D-422B-9D2E-2AE592F1DD92}
	EndGlobalSection
EndGlobal
